# Generated by buf. DO NOT EDIT.
version: v1
deps:
  - remote: buf.build
    owner: jace
    repository: multiapp
    commit: 5a45a5a94d034ab88a2d3d505015f370
    digest: shake256:8b1a9b89a8b98b61978f303792b0ead68ad037d0f694ae5630c8dc6214df763bb26608a4831955a91e856b8b3e6f4aef4ce402bb400dab07a2bc5fe05e4df83f
